
Microsoft Visual Studio Solution File, Format Version 12.00
# Visual Studio Version 17
VisualStudioVersion = 17.10.35013.160
MinimumVisualStudioVersion = 10.0.40219.1
Project("{9A19103F-16F7-4668-BE54-9A1E7A4F7556}") = "App", "CoreDemo\App.csproj", "{A05E8EFA-7127-4EBF-8F22-CC11E59DA7F3}"
EndProject
Project("{9A19103F-16F7-4668-BE54-9A1E7A4F7556}") = "EntityLayer", "EntityLayer\EntityLayer.csproj", "{47DB0D76-26AC-400A-A934-91E6E657BAB0}"
EndProject
Project("{9A19103F-16F7-4668-BE54-9A1E7A4F7556}") = "DataAccessLayer", "DataAccessLayer\DataAccessLayer.csproj", "{60576C49-29D5-4749-B898-B1B40AFBB768}"
EndProject
Project("{9A19103F-16F7-4668-BE54-9A1E7A4F7556}") = "BusinessLayer", "BusinessLayer\BusinessLayer.csproj", "{22E9874D-5204-4A28-B91B-528615927BD1}"
EndProject
Project("{9A19103F-16F7-4668-BE54-9A1E7A4F7556}") = "CoreLayer", "CoreLayer\CoreLayer.csproj", "{3BFC9764-FCA2-48C9-B022-651142D8EE4F}"
EndProject
Global
	GlobalSection(SolutionConfigurationPlatforms) = preSolution
		Debug|Any CPU = Debug|Any CPU
		Release|Any CPU = Release|Any CPU
	EndGlobalSection
	GlobalSection(ProjectConfigurationPlatforms) = postSolution
		{A05E8EFA-7127-4EBF-8F22-CC11E59DA7F3}.Debug|Any CPU.ActiveCfg = Debug|Any CPU
		{A05E8EFA-7127-4EBF-8F22-CC11E59DA7F3}.Debug|Any CPU.Build.0 = Debug|Any CPU
		{A05E8EFA-7127-4EBF-8F22-CC11E59DA7F3}.Release|Any CPU.ActiveCfg = Release|Any CPU
		{A05E8EFA-7127-4EBF-8F22-CC11E59DA7F3}.Release|Any CPU.Build.0 = Release|Any CPU
		{47DB0D76-26AC-400A-A934-91E6E657BAB0}.Debug|Any CPU.ActiveCfg = Debug|Any CPU
		{47DB0D76-26AC-400A-A934-91E6E657BAB0}.Debug|Any CPU.Build.0 = Debug|Any CPU
		{47DB0D76-26AC-400A-A934-91E6E657BAB0}.Release|Any CPU.ActiveCfg = Release|Any CPU
		{47DB0D76-26AC-400A-A934-91E6E657BAB0}.Release|Any CPU.Build.0 = Release|Any CPU
		{60576C49-29D5-4749-B898-B1B40AFBB768}.Debug|Any CPU.ActiveCfg = Debug|Any CPU
		{60576C49-29D5-4749-B898-B1B40AFBB768}.Debug|Any CPU.Build.0 = Debug|Any CPU
		{60576C49-29D5-4749-B898-B1B40AFBB768}.Release|Any CPU.ActiveCfg = Release|Any CPU
		{60576C49-29D5-4749-B898-B1B40AFBB768}.Release|Any CPU.Build.0 = Release|Any CPU
		{22E9874D-5204-4A28-B91B-528615927BD1}.Debug|Any CPU.ActiveCfg = Debug|Any CPU
		{22E9874D-5204-4A28-B91B-528615927BD1}.Debug|Any CPU.Build.0 = Debug|Any CPU
		{22E9874D-5204-4A28-B91B-528615927BD1}.Release|Any CPU.ActiveCfg = Release|Any CPU
		{22E9874D-5204-4A28-B91B-528615927BD1}.Release|Any CPU.Build.0 = Release|Any CPU
		{3BFC9764-FCA2-48C9-B022-651142D8EE4F}.Debug|Any CPU.ActiveCfg = Debug|Any CPU
		{3BFC9764-FCA2-48C9-B022-651142D8EE4F}.Debug|Any CPU.Build.0 = Debug|Any CPU
		{3BFC9764-FCA2-48C9-B022-651142D8EE4F}.Release|Any CPU.ActiveCfg = Release|Any CPU
		{3BFC9764-FCA2-48C9-B022-651142D8EE4F}.Release|Any CPU.Build.0 = Release|Any CPU
	EndGlobalSection
	GlobalSection(SolutionProperties) = preSolution
		HideSolutionNode = FALSE
	EndGlobalSection
	GlobalSection(ExtensibilityGlobals) = postSolution
		SolutionGuid = {A1D399DE-0664-4A91-8098-1A1DD3586781}
	EndGlobalSection
EndGlobal
